
Microsoft Visual Studio Solution File, Format Version 12.00
# Visual Studio Version 17
VisualStudioVersion = 17.2.32630.192
MinimumVisualStudioVersion = 10.0.40219.1
Project("{9A19103F-16F7-4668-BE54-9A1E7A4F7556}") = "Movies.Api", "Movies.Api\Movies.Api.csproj", "{6DE65122-7277-44AD-92BE-A0E5CA33A157}"
EndProject
Project("{FAE04EC0-301F-11D3-BF4B-00C04F79EFBC}") = "Movies.Services.UnitTests", "Movies.Services.UnitTests\Movies.Services.UnitTests.csproj", "{976E9322-6773-4292-9391-4393DE7F78C6}"
EndProject
Global
	GlobalSection(SolutionConfigurationPlatforms) = preSolution
		Debug|Any CPU = Debug|Any CPU
		Release|Any CPU = Release|Any CPU
	EndGlobalSection
	GlobalSection(ProjectConfigurationPlatforms) = postSolution
		{6DE65122-7277-44AD-92BE-A0E5CA33A157}.Debug|Any CPU.ActiveCfg = Debug|Any CPU
		{6DE65122-7277-44AD-92BE-A0E5CA33A157}.Debug|Any CPU.Build.0 = Debug|Any CPU
		{6DE65122-7277-44AD-92BE-A0E5CA33A157}.Release|Any CPU.ActiveCfg = Release|Any CPU
		{6DE65122-7277-44AD-92BE-A0E5CA33A157}.Release|Any CPU.Build.0 = Release|Any CPU
		{976E9322-6773-4292-9391-4393DE7F78C6}.Debug|Any CPU.ActiveCfg = Debug|Any CPU
		{976E9322-6773-4292-9391-4393DE7F78C6}.Debug|Any CPU.Build.0 = Debug|Any CPU
		{976E9322-6773-4292-9391-4393DE7F78C6}.Release|Any CPU.ActiveCfg = Release|Any CPU
		{976E9322-6773-4292-9391-4393DE7F78C6}.Release|Any CPU.Build.0 = Release|Any CPU
	EndGlobalSection
	GlobalSection(SolutionProperties) = preSolution
		HideSolutionNode = FALSE
	EndGlobalSection
	GlobalSection(ExtensibilityGlobals) = postSolution
		SolutionGuid = {624A7900-6AB3-4140-8533-BAD0A929698B}
	EndGlobalSection
EndGlobal
